hash: 5d15659bd9c315bad4721d73af76bf17e7162b1b9d1d77abba473493b233e93e
updated: 2017-03-13T10:48:53.250029177+01:00
imports:
- name: bitbucket.org/tebeka/strftime
  version: af5e0ef38369dfb5819b56d27d593142841e4600
- name: github.com/lestrrat/go-file-rotatelogs
  version: ab335c655133cea61d8164853c1ed0e97d6c77cb
- name: github.com/rifflock/lfshook
  version: 1ae91782cf87524466b000ea12d8291ea48269be
- name: github.com/Sirupsen/logrus
  version: 0208149b40d863d2c1a2f8fe5753096a9cf2cc8b
- name: golang.org/x/sys
  version: d75a52659825e75fff6158388dddc6a5b04f9ba5
  subpackages:
  - unix
testImports: []
